
Microsoft Visual Studio Solution File, Format Version 12.00
# Visual Studio 15
VisualStudioVersion = 15.0.26124.0
MinimumVisualStudioVersion = 15.0.26124.0
Project("{2150E333-8FDC-42A3-9474-1A3956D46DE8}") = "src", "src", "{27CE59C8-96B2-426A-9A83-11267D6CFAC5}"
EndProject
Project("{FAE04EC0-301F-11D3-BF4B-00C04F79EFBC}") = "YouTubeToPodcast", "src\YouTubeToPodcast\YouTubeToPodcast.csproj", "{60DCBB64-6BB0-40D2-995A-79E6DEF96D27}"
EndProject
Project("{2150E333-8FDC-42A3-9474-1A3956D46DE8}") = "test", "test", "{94673E43-B5F8-4974-904B-0A01A57747E8}"
EndProject
Project("{FAE04EC0-301F-11D3-BF4B-00C04F79EFBC}") = "YouTubeToPodcast.IntegrationTests", "test\YouTubeToPodcast.IntegrationTests\YouTubeToPodcast.IntegrationTests.csproj", "{4052D3D0-D96D-40CF-878A-F9783DA4A145}"
EndProject
Global
	GlobalSection(SolutionConfigurationPlatforms) = preSolution
		Debug|Any CPU = Debug|Any CPU
		Debug|x64 = Debug|x64
		Debug|x86 = Debug|x86
		Release|Any CPU = Release|Any CPU
		Release|x64 = Release|x64
		Release|x86 = Release|x86
	EndGlobalSection
	GlobalSection(SolutionProperties) = preSolution
		HideSolutionNode = FALSE
	EndGlobalSection
	GlobalSection(ProjectConfigurationPlatforms) = postSolution
		{60DCBB64-6BB0-40D2-995A-79E6DEF96D27}.Debug|Any CPU.ActiveCfg = Debug|Any CPU
		{60DCBB64-6BB0-40D2-995A-79E6DEF96D27}.Debug|Any CPU.Build.0 = Debug|Any CPU
		{60DCBB64-6BB0-40D2-995A-79E6DEF96D27}.Debug|x64.ActiveCfg = Debug|Any CPU
		{60DCBB64-6BB0-40D2-995A-79E6DEF96D27}.Debug|x64.Build.0 = Debug|Any CPU
		{60DCBB64-6BB0-40D2-995A-79E6DEF96D27}.Debug|x86.ActiveCfg = Debug|Any CPU
		{60DCBB64-6BB0-40D2-995A-79E6DEF96D27}.Debug|x86.Build.0 = Debug|Any CPU
		{60DCBB64-6BB0-40D2-995A-79E6DEF96D27}.Release|Any CPU.ActiveCfg = Release|Any CPU
		{60DCBB64-6BB0-40D2-995A-79E6DEF96D27}.Release|Any CPU.Build.0 = Release|Any CPU
		{60DCBB64-6BB0-40D2-995A-79E6DEF96D27}.Release|x64.ActiveCfg = Release|Any CPU
		{60DCBB64-6BB0-40D2-995A-79E6DEF96D27}.Release|x64.Build.0 = Release|Any CPU
		{60DCBB64-6BB0-40D2-995A-79E6DEF96D27}.Release|x86.ActiveCfg = Release|Any CPU
		{60DCBB64-6BB0-40D2-995A-79E6DEF96D27}.Release|x86.Build.0 = Release|Any CPU
		{4052D3D0-D96D-40CF-878A-F9783DA4A145}.Debug|Any CPU.ActiveCfg = Debug|Any CPU
		{4052D3D0-D96D-40CF-878A-F9783DA4A145}.Debug|Any CPU.Build.0 = Debug|Any CPU
		{4052D3D0-D96D-40CF-878A-F9783DA4A145}.Debug|x64.ActiveCfg = Debug|Any CPU
		{4052D3D0-D96D-40CF-878A-F9783DA4A145}.Debug|x64.Build.0 = Debug|Any CPU
		{4052D3D0-D96D-40CF-878A-F9783DA4A145}.Debug|x86.ActiveCfg = Debug|Any CPU
		{4052D3D0-D96D-40CF-878A-F9783DA4A145}.Debug|x86.Build.0 = Debug|Any CPU
		{4052D3D0-D96D-40CF-878A-F9783DA4A145}.Release|Any CPU.ActiveCfg = Release|Any CPU
		{4052D3D0-D96D-40CF-878A-F9783DA4A145}.Release|Any CPU.Build.0 = Release|Any CPU
		{4052D3D0-D96D-40CF-878A-F9783DA4A145}.Release|x64.ActiveCfg = Release|Any CPU
		{4052D3D0-D96D-40CF-878A-F9783DA4A145}.Release|x64.Build.0 = Release|Any CPU
		{4052D3D0-D96D-40CF-878A-F9783DA4A145}.Release|x86.ActiveCfg = Release|Any CPU
		{4052D3D0-D96D-40CF-878A-F9783DA4A145}.Release|x86.Build.0 = Release|Any CPU
	EndGlobalSection
	GlobalSection(NestedProjects) = preSolution
		{60DCBB64-6BB0-40D2-995A-79E6DEF96D27} = {27CE59C8-96B2-426A-9A83-11267D6CFAC5}
		{4052D3D0-D96D-40CF-878A-F9783DA4A145} = {94673E43-B5F8-4974-904B-0A01A57747E8}
	EndGlobalSection
EndGlobal
